// !$*UTF8*$!
{
	archiveVersion = 1;
	classes = {
	};
	objectVersion = 46;
	objects = {

/* Begin PBXBuildFile section */
		6DF63D251DBBDC06008A68F2 /* Archer.swift in Sources */ = {isa = PBXBuildFile; fileRef = 6DF63D241DBBDC06008A68F2 /* Archer.swift */; };
		7119C5801DBFF17E00E779B4 /* ExplosionCreature.swift in Sources */ = {isa = PBXBuildFile; fileRef = 7119C57B1DBFF17E00E779B4 /* ExplosionCreature.swift */; };
		7119C5821DBFF17E00E779B4 /* MeleeFighter.swift in Sources */ = {isa = PBXBuildFile; fileRef = 7119C57D1DBFF17E00E779B4 /* MeleeFighter.swift */; };
		7119C5831DBFF17E00E779B4 /* MenuViewController.swift in Sources */ = {isa = PBXBuildFile; fileRef = 7119C57E1DBFF17E00E779B4 /* MenuViewController.swift */; };
		7119C5881DC1003600E779B4 /* AnalogJoystick.swift in Sources */ = {isa = PBXBuildFile; fileRef = 7119C5871DC1003600E779B4 /* AnalogJoystick.swift */; };
		7132927C1DBBB338003AC6E5 /* BasicArrow.swift in Sources */ = {isa = PBXBuildFile; fileRef = 7132927B1DBBB338003AC6E5 /* BasicArrow.swift */; };
		7132927F1DBBC358003AC6E5 /* CGVector+Awesome.swift in Sources */ = {isa = PBXBuildFile; fileRef = 7132927E1DBBC358003AC6E5 /* CGVector+Awesome.swift */; };
		713292811DBBD999003AC6E5 /* PhysicsCategories.swift in Sources */ = {isa = PBXBuildFile; fileRef = 713292801DBBD999003AC6E5 /* PhysicsCategories.swift */; };
		713292831DBBE65F003AC6E5 /* ShortBowArrow.swift in Sources */ = {isa = PBXBuildFile; fileRef = 713292821DBBE65F003AC6E5 /* ShortBowArrow.swift */; };
		713292851DBBE851003AC6E5 /* ShellConfiguration.swift in Sources */ = {isa = PBXBuildFile; fileRef = 713292841DBBE851003AC6E5 /* ShellConfiguration.swift */; };
		713292871DBBED1C003AC6E5 /* StandartBowArrow.swift in Sources */ = {isa = PBXBuildFile; fileRef = 713292861DBBED1C003AC6E5 /* StandartBowArrow.swift */; };
		713292891DBBED2D003AC6E5 /* LongBowArrow.swift in Sources */ = {isa = PBXBuildFile; fileRef = 713292881DBBED2D003AC6E5 /* LongBowArrow.swift */; };
		714F5C351DBCBFA600BFB3BB /* Level1.sks in Resources */ = {isa = PBXBuildFile; fileRef = 714F5C341DBCBFA600BFB3BB /* Level1.sks */; };
		714F5C391DBCC3B200BFB3BB /* WeaponConfiguration.swift in Sources */ = {isa = PBXBuildFile; fileRef = 714F5C381DBCC3B200BFB3BB /* WeaponConfiguration.swift */; };
		714F5C3B1DBCC78100BFB3BB /* BasicBow.swift in Sources */ = {isa = PBXBuildFile; fileRef = 714F5C3A1DBCC78100BFB3BB /* BasicBow.swift */; };
		714F5C3D1DBCCF5A00BFB3BB /* ShellType.swift in Sources */ = {isa = PBXBuildFile; fileRef = 714F5C3C1DBCCF5A00BFB3BB /* ShellType.swift */; };
		714F5C3F1DBCDCEF00BFB3BB /* Weapon.swift in Sources */ = {isa = PBXBuildFile; fileRef = 714F5C3E1DBCDCEF00BFB3BB /* Weapon.swift */; };
		714F5C411DBCDE0000BFB3BB /* StandartBow.swift in Sources */ = {isa = PBXBuildFile; fileRef = 714F5C401DBCDE0000BFB3BB /* StandartBow.swift */; };
		714F5C431DBCE11500BFB3BB /* LongBow.swift in Sources */ = {isa = PBXBuildFile; fileRef = 714F5C421DBCE11500BFB3BB /* LongBow.swift */; };
		714F5C451DBCE13B00BFB3BB /* ShortBow.swift in Sources */ = {isa = PBXBuildFile; fileRef = 714F5C441DBCE13B00BFB3BB /* ShortBow.swift */; };
		C80386E31DDC491E00D331BE /* LongBow.sks in Resources */ = {isa = PBXBuildFile; fileRef = C80386E11DDC491E00D331BE /* LongBow.sks */; };
		C80386E41DDC491E00D331BE /* ShortBow.sks in Resources */ = {isa = PBXBuildFile; fileRef = C80386E21DDC491E00D331BE /* ShortBow.sks */; };
		C811592C1DDF58A20083C7C7 /* FirstMage.sks in Resources */ = {isa = PBXBuildFile; fileRef = C81159271DDF58A20083C7C7 /* FirstMage.sks */; };
		C811592D1DDF58A20083C7C7 /* FirstMage.swift in Sources */ = {isa = PBXBuildFile; fileRef = C81159281DDF58A20083C7C7 /* FirstMage.swift */; };
		C811592E1DDF58A20083C7C7 /* MageShellHandler.swift in Sources */ = {isa = PBXBuildFile; fileRef = C81159291DDF58A20083C7C7 /* MageShellHandler.swift */; };
		C811592F1DDF58A20083C7C7 /* WaterBolt.swift in Sources */ = {isa = PBXBuildFile; fileRef = C811592A1DDF58A20083C7C7 /* WaterBolt.swift */; };
		C81159301DDF58A20083C7C7 /* WaterBoltHandler.swift in Sources */ = {isa = PBXBuildFile; fileRef = C811592B1DDF58A20083C7C7 /* WaterBoltHandler.swift */; };
		C81159321DDF58C40083C7C7 /* Story2.sks in Resources */ = {isa = PBXBuildFile; fileRef = C81159311DDF58C40083C7C7 /* Story2.sks */; };
		C82991281DCBA8AB00EBCBC2 /* Joystick.swift in Sources */ = {isa = PBXBuildFile; fileRef = C82991251DCBA8AB00EBCBC2 /* Joystick.swift */; };
		C82991291DCBA8AB00EBCBC2 /* CustomNotifications.swift in Sources */ = {isa = PBXBuildFile; fileRef = C82991261DCBA8AB00EBCBC2 /* CustomNotifications.swift */; };
		C829912A1DCBA8AB00EBCBC2 /* Statistics.swift in Sources */ = {isa = PBXBuildFile; fileRef = C82991271DCBA8AB00EBCBC2 /* Statistics.swift */; };
		C829912C1DCBAACC00EBCBC2 /* SkinSelectViewController.swift in Sources */ = {isa = PBXBuildFile; fileRef = C829912B1DCBAACC00EBCBC2 /* SkinSelectViewController.swift */; };
		C82991381DCD21BD00EBCBC2 /* Bar.swift in Sources */ = {isa = PBXBuildFile; fileRef = C82991371DCD21BD00EBCBC2 /* Bar.swift */; };
		C85BCC321DD55B6800C38461 /* Archer.sks in Resources */ = {isa = PBXBuildFile; fileRef = C85BCC301DD55B6800C38461 /* Archer.sks */; };
		C85BCC331DD55B6800C38461 /* StandartBow.sks in Resources */ = {isa = PBXBuildFile; fileRef = C85BCC311DD55B6800C38461 /* StandartBow.sks */; };
		C85BCC351DD55CB200C38461 /* Tiles.sks in Resources */ = {isa = PBXBuildFile; fileRef = C85BCC341DD55CB200C38461 /* Tiles.sks */; };
		C85BCC371DD55CF000C38461 /* Story1.sks in Resources */ = {isa = PBXBuildFile; fileRef = C85BCC361DD55CF000C38461 /* Story1.sks */; };
		C86E56BD1DC119FA008EEDC8 /* CollisionHandler.swift in Sources */ = {isa = PBXBuildFile; fileRef = C86E56B91DC119FA008EEDC8 /* CollisionHandler.swift */; };
		C86E56BE1DC119FA008EEDC8 /* GeneralCollisionHandler.swift in Sources */ = {isa = PBXBuildFile; fileRef = C86E56BA1DC119FA008EEDC8 /* GeneralCollisionHandler.swift */; };
		C86E56BF1DC119FA008EEDC8 /* Monster.swift in Sources */ = {isa = PBXBuildFile; fileRef = C86E56BB1DC119FA008EEDC8 /* Monster.swift */; };
		C86E56C01DC119FA008EEDC8 /* MonsterShellHandler.swift in Sources */ = {isa = PBXBuildFile; fileRef = C86E56BC1DC119FA008EEDC8 /* MonsterShellHandler.swift */; };
		C8B7E5EC1DBAD52100FBDFF5 /* AppDelegate.swift in Sources */ = {isa = PBXBuildFile; fileRef = C8B7E5EB1DBAD52100FBDFF5 /* AppDelegate.swift */; };
		C8B7E5F01DBAD52100FBDFF5 /* Actions.sks in Resources */ = {isa = PBXBuildFile; fileRef = C8B7E5EF1DBAD52100FBDFF5 /* Actions.sks */; };
		C8B7E5F21DBAD52100FBDFF5 /* GameScene.swift in Sources */ = {isa = PBXBuildFile; fileRef = C8B7E5F11DBAD52100FBDFF5 /* GameScene.swift */; };
		C8B7E5F41DBAD52100FBDFF5 /* GameViewController.swift in Sources */ = {isa = PBXBuildFile; fileRef = C8B7E5F31DBAD52100FBDFF5 /* GameViewController.swift */; };
		C8B7E5F71DBAD52100FBDFF5 /* Main.storyboard in Resources */ = {isa = PBXBuildFile; fileRef = C8B7E5F51DBAD52100FBDFF5 /* Main.storyboard */; };
		C8B7E5F91DBAD52100FBDFF5 /* Assets.xcassets in Resources */ = {isa = PBXBuildFile; fileRef = C8B7E5F81DBAD52100FBDFF5 /* Assets.xcassets */; };
		C8B7E5FC1DBAD52100FBDFF5 /* LaunchScreen.storyboard in Resources */ = {isa = PBXBuildFile; fileRef = C8B7E5FA1DBAD52100FBDFF5 /* LaunchScreen.storyboard */; };
		C8CBF8911DDE2D08007C88D7 /* HealthIndicator.swift in Sources */ = {isa = PBXBuildFile; fileRef = C8CBF8901DDE2D07007C88D7 /* HealthIndicator.swift */; };
		C8CBF8931DDE5148007C88D7 /* TileSet.sks in Resources */ = {isa = PBXBuildFile; fileRef = C8CBF8921DDE5148007C88D7 /* TileSet.sks */; };
		C8FB3E901DDEF0A500AF6DD6 /* SpawnPoint.swift in Sources */ = {isa = PBXBuildFile; fileRef = C8FB3E8F1DDEF0A500AF6DD6 /* SpawnPoint.swift */; };
/* End PBXBuildFile section */

/* Begin PBXFileReference section */
		6DF63D241DBBDC06008A68F2 /* Archer.swift */ = {isa = PBXFileReference; fileEncoding = 4; lastKnownFileType = sourcecode.swift; path = Archer.swift; sourceTree = "<group>"; };
		7119C57B1DBFF17E00E779B4 /* ExplosionCreature.swift */ = {isa = PBXFileReference; fileEncoding = 4; lastKnownFileType = sourcecode.swift; path = ExplosionCreature.swift; sourceTree = "<group>"; };
		7119C57D1DBFF17E00E779B4 /* MeleeFighter.swift */ = {isa = PBXFileReference; fileEncoding = 4; lastKnownFileType = sourcecode.swift; path = MeleeFighter.swift; sourceTree = "<group>"; };
		7119C57E1DBFF17E00E779B4 /* MenuViewController.swift */ = {isa = PBXFileReference; fileEncoding = 4; lastKnownFileType = sourcecode.swift; path = MenuViewController.swift; sourceTree = "<group>"; };
		7119C5871DC1003600E779B4 /* AnalogJoystick.swift */ = {isa = PBXFileReference; fileEncoding = 4; lastKnownFileType = sourcecode.swift; path = AnalogJoystick.swift; sourceTree = "<group>"; };
		7132927B1DBBB338003AC6E5 /* BasicArrow.swift */ = {isa = PBXFileReference; fileEncoding = 4; lastKnownFileType = sourcecode.swift; path = BasicArrow.swift; sourceTree = "<group>"; };
		7132927E1DBBC358003AC6E5 /* CGVector+Awesome.swift */ = {isa = PBXFileReference; fileEncoding = 4; lastKnownFileType = sourcecode.swift; path = "CGVector+Awesome.swift"; sourceTree = "<group>"; };
		713292801DBBD999003AC6E5 /* PhysicsCategories.swift */ = {isa = PBXFileReference; fileEncoding = 4; lastKnownFileType = sourcecode.swift; path = PhysicsCategories.swift; sourceTree = "<group>"; };
		713292821DBBE65F003AC6E5 /* ShortBowArrow.swift */ = {isa = PBXFileReference; fileEncoding = 4; lastKnownFileType = sourcecode.swift; path = ShortBowArrow.swift; sourceTree = "<group>"; };
		713292841DBBE851003AC6E5 /* ShellConfiguration.swift */ = {isa = PBXFileReference; fileEncoding = 4; lastKnownFileType = sourcecode.swift; path = ShellConfiguration.swift; sourceTree = "<group>"; };
		713292861DBBED1C003AC6E5 /* StandartBowArrow.swift */ = {isa = PBXFileReference; fileEncoding = 4; lastKnownFileType = sourcecode.swift; path = StandartBowArrow.swift; sourceTree = "<group>"; };
		713292881DBBED2D003AC6E5 /* LongBowArrow.swift */ = {isa = PBXFileReference; fileEncoding = 4; lastKnownFileType = sourcecode.swift; path = LongBowArrow.swift; sourceTree = "<group>"; };
		714F5C341DBCBFA600BFB3BB /* Level1.sks */ = {isa = PBXFileReference; lastKnownFileType = file.sks; path = Level1.sks; sourceTree = "<group>"; };
		714F5C381DBCC3B200BFB3BB /* WeaponConfiguration.swift */ = {isa = PBXFileReference; fileEncoding = 4; lastKnownFileType = sourcecode.swift; path = WeaponConfiguration.swift; sourceTree = "<group>"; };
		714F5C3A1DBCC78100BFB3BB /* BasicBow.swift */ = {isa = PBXFileReference; fileEncoding = 4; lastKnownFileType = sourcecode.swift; path = BasicBow.swift; sourceTree = "<group>"; };
		714F5C3C1DBCCF5A00BFB3BB /* ShellType.swift */ = {isa = PBXFileReference; fileEncoding = 4; lastKnownFileType = sourcecode.swift; path = ShellType.swift; sourceTree = "<group>"; };
		714F5C3E1DBCDCEF00BFB3BB /* Weapon.swift */ = {isa = PBXFileReference; fileEncoding = 4; lastKnownFileType = sourcecode.swift; path = Weapon.swift; sourceTree = "<group>"; };
		714F5C401DBCDE0000BFB3BB /* StandartBow.swift */ = {isa = PBXFileReference; fileEncoding = 4; lastKnownFileType = sourcecode.swift; path = StandartBow.swift; sourceTree = "<group>"; };
		714F5C421DBCE11500BFB3BB /* LongBow.swift */ = {isa = PBXFileReference; fileEncoding = 4; lastKnownFileType = sourcecode.swift; path = LongBow.swift; sourceTree = "<group>"; };
		714F5C441DBCE13B00BFB3BB /* ShortBow.swift */ = {isa = PBXFileReference; fileEncoding = 4; lastKnownFileType = sourcecode.swift; path = ShortBow.swift; sourceTree = "<group>"; };
		C80386E11DDC491E00D331BE /* LongBow.sks */ = {isa = PBXFileReference; lastKnownFileType = file.sks; path = LongBow.sks; sourceTree = "<group>"; };
		C80386E21DDC491E00D331BE /* ShortBow.sks */ = {isa = PBXFileReference; lastKnownFileType = file.sks; path = ShortBow.sks; sourceTree = "<group>"; };
		C81159271DDF58A20083C7C7 /* FirstMage.sks */ = {isa = PBXFileReference; lastKnownFileType = file.sks; path = FirstMage.sks; sourceTree = "<group>"; };
		C81159281DDF58A20083C7C7 /* FirstMage.swift */ = {isa = PBXFileReference; fileEncoding = 4; lastKnownFileType = sourcecode.swift; path = FirstMage.swift; sourceTree = "<group>"; };
		C81159291DDF58A20083C7C7 /* MageShellHandler.swift */ = {isa = PBXFileReference; fileEncoding = 4; lastKnownFileType = sourcecode.swift; path = MageShellHandler.swift; sourceTree = "<group>"; };
		C811592A1DDF58A20083C7C7 /* WaterBolt.swift */ = {isa = PBXFileReference; fileEncoding = 4; lastKnownFileType = sourcecode.swift; path = WaterBolt.swift; sourceTree = "<group>"; };
		C811592B1DDF58A20083C7C7 /* WaterBoltHandler.swift */ = {isa = PBXFileReference; fileEncoding = 4; lastKnownFileType = sourcecode.swift; path = WaterBoltHandler.swift; sourceTree = "<group>"; };
		C81159311DDF58C40083C7C7 /* Story2.sks */ = {isa = PBXFileReference; lastKnownFileType = file.sks; path = Story2.sks; sourceTree = "<group>"; };
		C82991251DCBA8AB00EBCBC2 /* Joystick.swift */ = {isa = PBXFileReference; fileEncoding = 4; lastKnownFileType = sourcecode.swift; path = Joystick.swift; sourceTree = "<group>"; };
		C82991261DCBA8AB00EBCBC2 /* CustomNotifications.swift */ = {isa = PBXFileReference; fileEncoding = 4; lastKnownFileType = sourcecode.swift; path = CustomNotifications.swift; sourceTree = "<group>"; };
		C82991271DCBA8AB00EBCBC2 /* Statistics.swift */ = {isa = PBXFileReference; fileEncoding = 4; lastKnownFileType = sourcecode.swift; path = Statistics.swift; sourceTree = "<group>"; };
		C829912B1DCBAACC00EBCBC2 /* SkinSelectViewController.swift */ = {isa = PBXFileReference; fileEncoding = 4; lastKnownFileType = sourcecode.swift; path = SkinSelectViewController.swift; sourceTree = "<group>"; };
		C82991371DCD21BD00EBCBC2 /* Bar.swift */ = {isa = PBXFileReference; fileEncoding = 4; lastKnownFileType = sourcecode.swift; path = Bar.swift; sourceTree = "<group>"; };
		C85BCC301DD55B6800C38461 /* Archer.sks */ = {isa = PBXFileReference; lastKnownFileType = file.sks; path = Archer.sks; sourceTree = "<group>"; };
		C85BCC311DD55B6800C38461 /* StandartBow.sks */ = {isa = PBXFileReference; lastKnownFileType = file.sks; path = StandartBow.sks; sourceTree = "<group>"; };
		C85BCC341DD55CB200C38461 /* Tiles.sks */ = {isa = PBXFileReference; lastKnownFileType = file.sks; path = Tiles.sks; sourceTree = "<group>"; };
		C85BCC361DD55CF000C38461 /* Story1.sks */ = {isa = PBXFileReference; lastKnownFileType = file.sks; path = Story1.sks; sourceTree = "<group>"; };
		C86E56B91DC119FA008EEDC8 /* CollisionHandler.swift */ = {isa = PBXFileReference; fileEncoding = 4; lastKnownFileType = sourcecode.swift; path = CollisionHandler.swift; sourceTree = "<group>"; };
		C86E56BA1DC119FA008EEDC8 /* GeneralCollisionHandler.swift */ = {isa = PBXFileReference; fileEncoding = 4; lastKnownFileType = sourcecode.swift; path = GeneralCollisionHandler.swift; sourceTree = "<group>"; };
		C86E56BB1DC119FA008EEDC8 /* Monster.swift */ = {isa = PBXFileReference; fileEncoding = 4; lastKnownFileType = sourcecode.swift; path = Monster.swift; sourceTree = "<group>"; };
		C86E56BC1DC119FA008EEDC8 /* MonsterShellHandler.swift */ = {isa = PBXFileReference; fileEncoding = 4; lastKnownFileType = sourcecode.swift; path = MonsterShellHandler.swift; sourceTree = "<group>"; };
		C8B7E5E81DBAD52100FBDFF5 /* LastArcher.app */ = {isa = PBXFileReference; explicitFileType = wrapper.application; includeInIndex = 0; path = LastArcher.app; sourceTree = BUILT_PRODUCTS_DIR; };
		C8B7E5EB1DBAD52100FBDFF5 /* AppDelegate.swift */ = {isa = PBXFileReference; lastKnownFileType = sourcecode.swift; path = AppDelegate.swift; sourceTree = "<group>"; };
		C8B7E5EF1DBAD52100FBDFF5 /* Actions.sks */ = {isa = PBXFileReference; lastKnownFileType = file.sks; path = Actions.sks; sourceTree = "<group>"; };
		C8B7E5F11DBAD52100FBDFF5 /* GameScene.swift */ = {isa = PBXFileReference; lastKnownFileType = sourcecode.swift; path = GameScene.swift; sourceTree = "<group>"; };
		C8B7E5F31DBAD52100FBDFF5 /* GameViewController.swift */ = {isa = PBXFileReference; lastKnownFileType = sourcecode.swift; path = GameViewController.swift; sourceTree = "<group>"; };
		C8B7E5F61DBAD52100FBDFF5 /* Base */ = {isa = PBXFileReference; lastKnownFileType = file.storyboard; name = Base; path = Base.lproj/Main.storyboard; sourceTree = "<group>"; };
		C8B7E5F81DBAD52100FBDFF5 /* Assets.xcassets */ = {isa = PBXFileReference; lastKnownFileType = folder.assetcatalog; path = Assets.xcassets; sourceTree = "<group>"; };
		C8B7E5FB1DBAD52100FBDFF5 /* Base */ = {isa = PBXFileReference; lastKnownFileType = file.storyboard; name = Base; path = Base.lproj/LaunchScreen.storyboard; sourceTree = "<group>"; };
		C8B7E5FD1DBAD52100FBDFF5 /* Info.plist */ = {isa = PBXFileReference; lastKnownFileType = text.plist.xml; path = Info.plist; sourceTree = "<group>"; };
		C8CBF8901DDE2D07007C88D7 /* HealthIndicator.swift */ = {isa = PBXFileReference; fileEncoding = 4; lastKnownFileType = sourcecode.swift; path = HealthIndicator.swift; sourceTree = "<group>"; };
		C8CBF8921DDE5148007C88D7 /* TileSet.sks */ = {isa = PBXFileReference; lastKnownFileType = file.sks; path = TileSet.sks; sourceTree = "<group>"; };
		C8FB3E8F1DDEF0A500AF6DD6 /* SpawnPoint.swift */ = {isa = PBXFileReference; fileEncoding = 4; lastKnownFileType = sourcecode.swift; path = SpawnPoint.swift; sourceTree = "<group>"; };
/* End PBXFileReference section */

/* Begin PBXFrameworksBuildPhase section */
		C8B7E5E51DBAD52100FBDFF5 /* Frameworks */ = {
			isa = PBXFrameworksBuildPhase;
			buildActionMask = 2147483647;
			files = (
			);
			runOnlyForDeploymentPostprocessing = 0;
		};
/* End PBXFrameworksBuildPhase section */

/* Begin PBXGroup section */
		30A4160D1DBFF32E003557E6 /* Creatures */ = {
			isa = PBXGroup;
			children = (
				7119C57B1DBFF17E00E779B4 /* ExplosionCreature.swift */,
				7119C57D1DBFF17E00E779B4 /* MeleeFighter.swift */,
			);
			name = Creatures;
			sourceTree = "<group>";
		};
		6DF63D231DBBDBEA008A68F2 /* Archer */ = {
			isa = PBXGroup;
			children = (
				6DF63D241DBBDC06008A68F2 /* Archer.swift */,
			);
			name = Archer;
			sourceTree = "<group>";
		};
		713292781DBBB2EB003AC6E5 /* Nodes */ = {
			isa = PBXGroup;
			children = (
				714F5C361DBCC35B00BFB3BB /* Weapons */,
				30A4160D1DBFF32E003557E6 /* Creatures */,
				6DF63D231DBBDBEA008A68F2 /* Archer */,
				7132927A1DBBB311003AC6E5 /* Shells */,
			);
			name = Nodes;
			sourceTree = "<group>";
		};
		7132927A1DBBB311003AC6E5 /* Shells */ = {
			isa = PBXGroup;
			children = (
				7132928A1DBBED3B003AC6E5 /* ShellConfigurations */,
				7132927B1DBBB338003AC6E5 /* BasicArrow.swift */,
				714F5C3C1DBCCF5A00BFB3BB /* ShellType.swift */,
			);
			name = Shells;
			sourceTree = "<group>";
		};
		7132927D1DBBC33B003AC6E5 /* Extensions */ = {
			isa = PBXGroup;
			children = (
				C82991251DCBA8AB00EBCBC2 /* Joystick.swift */,
				C82991261DCBA8AB00EBCBC2 /* CustomNotifications.swift */,
				C82991271DCBA8AB00EBCBC2 /* Statistics.swift */,
				7119C5871DC1003600E779B4 /* AnalogJoystick.swift */,
				7132927E1DBBC358003AC6E5 /* CGVector+Awesome.swift */,
			);
			name = Extensions;
			sourceTree = "<group>";
		};
		7132928A1DBBED3B003AC6E5 /* ShellConfigurations */ = {
			isa = PBXGroup;
			children = (
				713292821DBBE65F003AC6E5 /* ShortBowArrow.swift */,
				713292841DBBE851003AC6E5 /* ShellConfiguration.swift */,
				713292861DBBED1C003AC6E5 /* StandartBowArrow.swift */,
				713292881DBBED2D003AC6E5 /* LongBowArrow.swift */,
			);
			name = ShellConfigurations;
			sourceTree = "<group>";
		};
		714F5C361DBCC35B00BFB3BB /* Weapons */ = {
			isa = PBXGroup;
			children = (
				714F5C371DBCC36600BFB3BB /* WeaponConfigurations */,
				714F5C3A1DBCC78100BFB3BB /* BasicBow.swift */,
				714F5C3E1DBCDCEF00BFB3BB /* Weapon.swift */,
			);
			name = Weapons;
			sourceTree = "<group>";
		};
		714F5C371DBCC36600BFB3BB /* WeaponConfigurations */ = {
			isa = PBXGroup;
			children = (
				714F5C381DBCC3B200BFB3BB /* WeaponConfiguration.swift */,
				714F5C401DBCDE0000BFB3BB /* StandartBow.swift */,
				714F5C421DBCE11500BFB3BB /* LongBow.swift */,
				714F5C441DBCE13B00BFB3BB /* ShortBow.swift */,
			);
			name = WeaponConfigurations;
			sourceTree = "<group>";
		};
		C86E56C11DC11A28008EEDC8 /* CollisionHandler */ = {
			isa = PBXGroup;
			children = (
				C86E56B91DC119FA008EEDC8 /* CollisionHandler.swift */,
				C86E56BA1DC119FA008EEDC8 /* GeneralCollisionHandler.swift */,
				C86E56BB1DC119FA008EEDC8 /* Monster.swift */,
				C86E56BC1DC119FA008EEDC8 /* MonsterShellHandler.swift */,
			);
			name = CollisionHandler;
			sourceTree = "<group>";
		};
		C8B7E5DF1DBAD52100FBDFF5 = {
			isa = PBXGroup;
			children = (
				C8B7E5EA1DBAD52100FBDFF5 /* LastArcher */,
				C8B7E5E91DBAD52100FBDFF5 /* Products */,
			);
			sourceTree = "<group>";
		};
		C8B7E5E91DBAD52100FBDFF5 /* Products */ = {
			isa = PBXGroup;
			children = (
				C8B7E5E81DBAD52100FBDFF5 /* LastArcher.app */,
			);
			name = Products;
			sourceTree = "<group>";
		};
		C8B7E5EA1DBAD52100FBDFF5 /* LastArcher */ = {
			isa = PBXGroup;
			children = (
				C81159311DDF58C40083C7C7 /* Story2.sks */,
				C81159271DDF58A20083C7C7 /* FirstMage.sks */,
				C81159281DDF58A20083C7C7 /* FirstMage.swift */,
				C81159291DDF58A20083C7C7 /* MageShellHandler.swift */,
				C811592A1DDF58A20083C7C7 /* WaterBolt.swift */,
				C811592B1DDF58A20083C7C7 /* WaterBoltHandler.swift */,
				C8FB3E8F1DDEF0A500AF6DD6 /* SpawnPoint.swift */,
				C8CBF8901DDE2D07007C88D7 /* HealthIndicator.swift */,
				C80386E11DDC491E00D331BE /* LongBow.sks */,
				C80386E21DDC491E00D331BE /* ShortBow.sks */,
				C85BCC301DD55B6800C38461 /* Archer.sks */,
				C85BCC311DD55B6800C38461 /* StandartBow.sks */,
				C82991371DCD21BD00EBCBC2 /* Bar.swift */,
				C86E56C11DC11A28008EEDC8 /* CollisionHandler */,
				7132927D1DBBC33B003AC6E5 /* Extensions */,
				713292781DBBB2EB003AC6E5 /* Nodes */,
				C8B7E5EB1DBAD52100FBDFF5 /* AppDelegate.swift */,
				C8B7E5EF1DBAD52100FBDFF5 /* Actions.sks */,
				714F5C341DBCBFA600BFB3BB /* Level1.sks */,
				C8B7E5F11DBAD52100FBDFF5 /* GameScene.swift */,
				C8B7E5F31DBAD52100FBDFF5 /* GameViewController.swift */,
				7119C57E1DBFF17E00E779B4 /* MenuViewController.swift */,
				C8B7E5F51DBAD52100FBDFF5 /* Main.storyboard */,
				C8B7E5F81DBAD52100FBDFF5 /* Assets.xcassets */,
				C8B7E5FA1DBAD52100FBDFF5 /* LaunchScreen.storyboard */,
				C8B7E5FD1DBAD52100FBDFF5 /* Info.plist */,
				713292801DBBD999003AC6E5 /* PhysicsCategories.swift */,
				C829912B1DCBAACC00EBCBC2 /* SkinSelectViewController.swift */,
				C85BCC341DD55CB200C38461 /* Tiles.sks */,
				C85BCC361DD55CF000C38461 /* Story1.sks */,
				C8CBF8921DDE5148007C88D7 /* TileSet.sks */,
			);
			path = LastArcher;
			sourceTree = "<group>";
		};
/* End PBXGroup section */

/* Begin PBXNativeTarget section */
		C8B7E5E71DBAD52100FBDFF5 /* LastArcher */ = {
			isa = PBXNativeTarget;
			buildConfigurationList = C8B7E6001DBAD52100FBDFF5 /* Build configuration list for PBXNativeTarget "LastArcher" */;
			buildPhases = (
				C8B7E5E41DBAD52100FBDFF5 /* Sources */,
				C8B7E5E51DBAD52100FBDFF5 /* Frameworks */,
				C8B7E5E61DBAD52100FBDFF5 /* Resources */,
			);
			buildRules = (
			);
			dependencies = (
			);
			name = LastArcher;
			productName = LastArcher;
			productReference = C8B7E5E81DBAD52100FBDFF5 /* LastArcher.app */;
			productType = "com.apple.product-type.application";
		};
/* End PBXNativeTarget section */

/* Begin PBXProject section */
		C8B7E5E01DBAD52100FBDFF5 /* Project object */ = {
			isa = PBXProject;
			attributes = {
				LastSwiftUpdateCheck = 0800;
				LastUpgradeCheck = 0800;
				ORGANIZATIONNAME = AAAR;
				TargetAttributes = {
					C8B7E5E71DBAD52100FBDFF5 = {
						CreatedOnToolsVersion = 8.0;
						ProvisioningStyle = Automatic;
					};
				};
			};
			buildConfigurationList = C8B7E5E31DBAD52100FBDFF5 /* Build configuration list for PBXProject "LastArcher" */;
			compatibilityVersion = "Xcode 3.2";
			developmentRegion = English;
			hasScannedForEncodings = 0;
			knownRegions = (
				en,
				Base,
			);
			mainGroup = C8B7E5DF1DBAD52100FBDFF5;
			productRefGroup = C8B7E5E91DBAD52100FBDFF5 /* Products */;
			projectDirPath = "";
			projectRoot = "";
			targets = (
				C8B7E5E71DBAD52100FBDFF5 /* LastArcher */,
			);
		};
/* End PBXProject section */

/* Begin PBXResourcesBuildPhase section */
		C8B7E5E61DBAD52100FBDFF5 /* Resources */ = {
			isa = PBXResourcesBuildPhase;
			buildActionMask = 2147483647;
			files = (
				C8CBF8931DDE5148007C88D7 /* TileSet.sks in Resources */,
				C8B7E5F71DBAD52100FBDFF5 /* Main.storyboard in Resources */,
				C80386E41DDC491E00D331BE /* ShortBow.sks in Resources */,
				714F5C351DBCBFA600BFB3BB /* Level1.sks in Resources */,
				C81159321DDF58C40083C7C7 /* Story2.sks in Resources */,
				C8B7E5F91DBAD52100FBDFF5 /* Assets.xcassets in Resources */,
				C811592C1DDF58A20083C7C7 /* FirstMage.sks in Resources */,
				C85BCC371DD55CF000C38461 /* Story1.sks in Resources */,
				C85BCC351DD55CB200C38461 /* Tiles.sks in Resources */,
				C8B7E5FC1DBAD52100FBDFF5 /* LaunchScreen.storyboard in Resources */,
				C80386E31DDC491E00D331BE /* LongBow.sks in Resources */,
				C85BCC331DD55B6800C38461 /* StandartBow.sks in Resources */,
				C85BCC321DD55B6800C38461 /* Archer.sks in Resources */,
				C8B7E5F01DBAD52100FBDFF5 /* Actions.sks in Resources */,
			);
			runOnlyForDeploymentPostprocessing = 0;
		};
/* End PBXResourcesBuildPhase section */

/* Begin PBXSourcesBuildPhase section */
		C8B7E5E41DBAD52100FBDFF5 /* Sources */ = {
			isa = PBXSourcesBuildPhase;
			buildActionMask = 2147483647;
			files = (
				C86E56BF1DC119FA008EEDC8 /* Monster.swift in Sources */,
				C86E56BE1DC119FA008EEDC8 /* GeneralCollisionHandler.swift in Sources */,
				713292891DBBED2D003AC6E5 /* LongBowArrow.swift in Sources */,
				C8CBF8911DDE2D08007C88D7 /* HealthIndicator.swift in Sources */,
				714F5C3B1DBCC78100BFB3BB /* BasicBow.swift in Sources */,
				7119C5801DBFF17E00E779B4 /* ExplosionCreature.swift in Sources */,
				C82991291DCBA8AB00EBCBC2 /* CustomNotifications.swift in Sources */,
				C829912C1DCBAACC00EBCBC2 /* SkinSelectViewController.swift in Sources */,
				7132927F1DBBC358003AC6E5 /* CGVector+Awesome.swift in Sources */,
				C82991381DCD21BD00EBCBC2 /* Bar.swift in Sources */,
				714F5C451DBCE13B00BFB3BB /* ShortBow.swift in Sources */,
				713292811DBBD999003AC6E5 /* PhysicsCategories.swift in Sources */,
				713292871DBBED1C003AC6E5 /* StandartBowArrow.swift in Sources */,
				C82991281DCBA8AB00EBCBC2 /* Joystick.swift in Sources */,
				714F5C411DBCDE0000BFB3BB /* StandartBow.swift in Sources */,
				714F5C3F1DBCDCEF00BFB3BB /* Weapon.swift in Sources */,
				C811592D1DDF58A20083C7C7 /* FirstMage.swift in Sources */,
				7119C5821DBFF17E00E779B4 /* MeleeFighter.swift in Sources */,
				713292851DBBE851003AC6E5 /* ShellConfiguration.swift in Sources */,
				7132927C1DBBB338003AC6E5 /* BasicArrow.swift in Sources */,
				C81159301DDF58A20083C7C7 /* WaterBoltHandler.swift in Sources */,
				714F5C391DBCC3B200BFB3BB /* WeaponConfiguration.swift in Sources */,
				714F5C3D1DBCCF5A00BFB3BB /* ShellType.swift in Sources */,
				C8FB3E901DDEF0A500AF6DD6 /* SpawnPoint.swift in Sources */,
				C8B7E5F21DBAD52100FBDFF5 /* GameScene.swift in Sources */,
				7119C5831DBFF17E00E779B4 /* MenuViewController.swift in Sources */,
				C86E56C01DC119FA008EEDC8 /* MonsterShellHandler.swift in Sources */,
				C811592E1DDF58A20083C7C7 /* MageShellHandler.swift in Sources */,
				C8B7E5F41DBAD52100FBDFF5 /* GameViewController.swift in Sources */,
				714F5C431DBCE11500BFB3BB /* LongBow.swift in Sources */,
				6DF63D251DBBDC06008A68F2 /* Archer.swift in Sources */,
				C829912A1DCBA8AB00EBCBC2 /* Statistics.swift in Sources */,
				C86E56BD1DC119FA008EEDC8 /* CollisionHandler.swift in Sources */,
				C8B7E5EC1DBAD52100FBDFF5 /* AppDelegate.swift in Sources */,
				713292831DBBE65F003AC6E5 /* ShortBowArrow.swift in Sources */,
				C811592F1DDF58A20083C7C7 /* WaterBolt.swift in Sources */,
				7119C5881DC1003600E779B4 /* AnalogJoystick.swift in Sources */,
			);
			runOnlyForDeploymentPostprocessing = 0;
		};
/* End PBXSourcesBuildPhase section */

/* Begin PBXVariantGroup section */
		C8B7E5F51DBAD52100FBDFF5 /* Main.storyboard */ = {
			isa = PBXVariantGroup;
			children = (
				C8B7E5F61DBAD52100FBDFF5 /* Base */,
			);
			name = Main.storyboard;
			sourceTree = "<group>";
		};
		C8B7E5FA1DBAD52100FBDFF5 /* LaunchScreen.storyboard */ = {
			isa = PBXVariantGroup;
			children = (
				C8B7E5FB1DBAD52100FBDFF5 /* Base */,
			);
			name = LaunchScreen.storyboard;
			sourceTree = "<group>";
		};
/* End PBXVariantGroup section */

/* Begin XCBuildConfiguration section */
		C8B7E5FE1DBAD52100FBDFF5 /* Debug */ = {
			isa = XCBuildConfiguration;
			buildSettings = {
				ALWAYS_SEARCH_USER_PATHS = NO;
				CLANG_ANALYZER_NONNULL = YES;
				CLANG_CXX_LANGUAGE_STANDARD = "gnu++0x";
				CLANG_CXX_LIBRARY = "libc++";
				CLANG_ENABLE_MODULES = YES;
				CLANG_ENABLE_OBJC_ARC = YES;
				CLANG_WARN_BOOL_CONVERSION = YES;
				CLANG_WARN_CONSTANT_CONVERSION = YES;
				CLANG_WARN_DIRECT_OBJC_ISA_USAGE = YES_ERROR;
				CLANG_WARN_DOCUMENTATION_COMMENTS = YES;
				CLANG_WARN_EMPTY_BODY = YES;
				CLANG_WARN_ENUM_CONVERSION = YES;
				CLANG_WARN_INFINITE_RECURSION = YES;
				CLANG_WARN_INT_CONVERSION = YES;
				CLANG_WARN_OBJC_ROOT_CLASS = YES_ERROR;
				CLANG_WARN_SUSPICIOUS_MOVES = YES;
				CLANG_WARN_UNREACHABLE_CODE = YES;
				CLANG_WARN__DUPLICATE_METHOD_MATCH = YES;
				"CODE_SIGN_IDENTITY[sdk=iphoneos*]" = "iPhone Developer";
				COPY_PHASE_STRIP = NO;
				DEBUG_INFORMATION_FORMAT = dwarf;
				ENABLE_STRICT_OBJC_MSGSEND = YES;
				ENABLE_TESTABILITY = YES;
				GCC_C_LANGUAGE_STANDARD = gnu99;
				GCC_DYNAMIC_NO_PIC = NO;
				GCC_NO_COMMON_BLOCKS = YES;
				GCC_OPTIMIZATION_LEVEL = 0;
				GCC_PREPROCESSOR_DEFINITIONS = (
					"DEBUG=1",
					"$(inherited)",
				);
				GCC_WARN_64_TO_32_BIT_CONVERSION = YES;
				GCC_WARN_ABOUT_RETURN_TYPE = YES_ERROR;
				GCC_WARN_UNDECLARED_SELECTOR = YES;
				GCC_WARN_UNINITIALIZED_AUTOS = YES_AGGRESSIVE;
				GCC_WARN_UNUSED_FUNCTION = YES;
				GCC_WARN_UNUSED_VARIABLE = YES;
				IPHONEOS_DEPLOYMENT_TARGET = 10.0;
				MTL_ENABLE_DEBUG_INFO = YES;
				ONLY_ACTIVE_ARCH = YES;
				SDKROOT = iphoneos;
				SWIFT_ACTIVE_COMPILATION_CONDITIONS = DEBUG;
				SWIFT_OPTIMIZATION_LEVEL = "-Onone";
				TARGETED_DEVICE_FAMILY = "1,2";
			};
			name = Debug;
		};
		C8B7E5FF1DBAD52100FBDFF5 /* Release */ = {
			isa = XCBuildConfiguration;
			buildSettings = {
				ALWAYS_SEARCH_USER_PATHS = NO;
				CLANG_ANALYZER_NONNULL = YES;
				CLANG_CXX_LANGUAGE_STANDARD = "gnu++0x";
				CLANG_CXX_LIBRARY = "libc++";
				CLANG_ENABLE_MODULES = YES;
				CLANG_ENABLE_OBJC_ARC = YES;
				CLANG_WARN_BOOL_CONVERSION = YES;
				CLANG_WARN_CONSTANT_CONVERSION = YES;
				CLANG_WARN_DIRECT_OBJC_ISA_USAGE = YES_ERROR;
				CLANG_WARN_DOCUMENTATION_COMMENTS = YES;
				CLANG_WARN_EMPTY_BODY = YES;
				CLANG_WARN_ENUM_CONVERSION = YES;
				CLANG_WARN_INFINITE_RECURSION = YES;
				CLANG_WARN_INT_CONVERSION = YES;
				CLANG_WARN_OBJC_ROOT_CLASS = YES_ERROR;
				CLANG_WARN_SUSPICIOUS_MOVES = YES;
				CLANG_WARN_UNREACHABLE_CODE = YES;
				CLANG_WARN__DUPLICATE_METHOD_MATCH = YES;
				"CODE_SIGN_IDENTITY[sdk=iphoneos*]" = "iPhone Developer";
				COPY_PHASE_STRIP = NO;
				DEBUG_INFORMATION_FORMAT = "dwarf-with-dsym";
				ENABLE_NS_ASSERTIONS = NO;
				ENABLE_STRICT_OBJC_MSGSEND = YES;
				GCC_C_LANGUAGE_STANDARD = gnu99;
				GCC_NO_COMMON_BLOCKS = YES;
				GCC_WARN_64_TO_32_BIT_CONVERSION = YES;
				GCC_WARN_ABOUT_RETURN_TYPE = YES_ERROR;
				GCC_WARN_UNDECLARED_SELECTOR = YES;
				GCC_WARN_UNINITIALIZED_AUTOS = YES_AGGRESSIVE;
				GCC_WARN_UNUSED_FUNCTION = YES;
				GCC_WARN_UNUSED_VARIABLE = YES;
				IPHONEOS_DEPLOYMENT_TARGET = 10.0;
				MTL_ENABLE_DEBUG_INFO = NO;
				SDKROOT = iphoneos;
				SWIFT_OPTIMIZATION_LEVEL = "-Owholemodule";
				TARGETED_DEVICE_FAMILY = "1,2";
				VALIDATE_PRODUCT = YES;
			};
			name = Release;
		};
		C8B7E6011DBAD52100FBDFF5 /* Debug */ = {
			isa = XCBuildConfiguration;
			buildSettings = {
				ASSETCATALOG_COMPILER_APPICON_NAME = AppIcon;
				INFOPLIST_FILE = LastArcher/Info.plist;
				IPHONEOS_DEPLOYMENT_TARGET = 10.0;
				LD_RUNPATH_SEARCH_PATHS = "$(inherited) @executable_path/Frameworks";
				PRODUCT_BUNDLE_IDENTIFIER = AAAR.LastArcher;
				PRODUCT_NAME = "$(TARGET_NAME)";
				SWIFT_VERSION = 3.0;
			};
			name = Debug;
		};
		C8B7E6021DBAD52100FBDFF5 /* Release */ = {
			isa = XCBuildConfiguration;
			buildSettings = {
				ASSETCATALOG_COMPILER_APPICON_NAME = AppIcon;
				INFOPLIST_FILE = LastArcher/Info.plist;
				IPHONEOS_DEPLOYMENT_TARGET = 10.0;
				LD_RUNPATH_SEARCH_PATHS = "$(inherited) @executable_path/Frameworks";
				PRODUCT_BUNDLE_IDENTIFIER = AAAR.LastArcher;
				PRODUCT_NAME = "$(TARGET_NAME)";
				SWIFT_VERSION = 3.0;
			};
			name = Release;
		};
/* End XCBuildConfiguration section */

/* Begin XCConfigurationList section */
		C8B7E5E31DBAD52100FBDFF5 /* Build configuration list for PBXProject "LastArcher" */ = {
			isa = XCConfigurationList;
			buildConfigurations = (
				C8B7E5FE1DBAD52100FBDFF5 /* Debug */,
				C8B7E5FF1DBAD52100FBDFF5 /* Release */,
			);
			defaultConfigurationIsVisible = 0;
			defaultConfigurationName = Release;
		};
		C8B7E6001DBAD52100FBDFF5 /* Build configuration list for PBXNativeTarget "LastArcher" */ = {
			isa = XCConfigurationList;
			buildConfigurations = (
				C8B7E6011DBAD52100FBDFF5 /* Debug */,
				C8B7E6021DBAD52100FBDFF5 /* Release */,
			);
			defaultConfigurationIsVisible = 0;
			defaultConfigurationName = Release;
		};
/* End XCConfigurationList section */
	};
	rootObject = C8B7E5E01DBAD52100FBDFF5 /* Project object */;
}
